// !$*UTF8*$!
{
	archiveVersion = 1;
	classes = {
	};
	objectVersion = 77;
	objects = {

/* Begin PBXBuildFile section */
		25FAA9712E0B6E56000AACA2 /* SupabaseSDK in Frameworks */ = {isa = PBXBuildFile; productRef = 25FAA9702E0B6E56000AACA2 /* SupabaseSDK */; };
/* End PBXBuildFile section */

/* Begin PBXContainerItemProxy section */
		25FA1A102E0854F900E740A3 /* PBXContainerItemProxy */ = {
			isa = PBXContainerItemProxy;
			containerPortal = 25FA19F52E0854F800E740A3 /* Project object */;
			proxyType = 1;
			remoteGlobalIDString = 25FA19FC2E0854F800E740A3;
			remoteInfo = Zunlo;
		};
		25FA1A1A2E0854F900E740A3 /* PBXContainerItemProxy */ = {
			isa = PBXContainerItemProxy;
			containerPortal = 25FA19F52E0854F800E740A3 /* Project object */;
			proxyType = 1;
			remoteGlobalIDString = 25FA19FC2E0854F800E740A3;
			remoteInfo = Zunlo;
		};
/* End PBXContainerItemProxy section */

/* Begin PBXFileReference section */
		25FA19FD2E0854F800E740A3 /* Zunlo.app */ = {isa = PBXFileReference; explicitFileType = wrapper.application; includeInIndex = 0; path = Zunlo.app; sourceTree = BUILT_PRODUCTS_DIR; };
		25FA1A0F2E0854F900E740A3 /* ZunloTests.xctest */ = {isa = PBXFileReference; explicitFileType = wrapper.cfbundle; includeInIndex = 0; path = ZunloTests.xctest; sourceTree = BUILT_PRODUCTS_DIR; };
		25FA1A192E0854F900E740A3 /* ZunloUITests.xctest */ = {isa = PBXFileReference; explicitFileType = wrapper.cfbundle; includeInIndex = 0; path = ZunloUITests.xctest; sourceTree = BUILT_PRODUCTS_DIR; };
		25FAA96E2E0B6D55000AACA2 /* SupabaseSDK */ = {isa = PBXFileReference; lastKnownFileType = wrapper; path = SupabaseSDK; sourceTree = "<group>"; };
/* End PBXFileReference section */

/* Begin PBXFileSystemSynchronizedBuildFileExceptionSet section */
		25132B842E08721600863247 /* Exceptions for "Zunlo" folder in "Zunlo" target */ = {
			isa = PBXFileSystemSynchronizedBuildFileExceptionSet;
			membershipExceptions = (
				Info.plist,
			);
			target = 25FA19FC2E0854F800E740A3 /* Zunlo */;
		};
/* End PBXFileSystemSynchronizedBuildFileExceptionSet section */

/* Begin PBXFileSystemSynchronizedRootGroup section */
		25FA19FF2E0854F800E740A3 /* Zunlo */ = {
			isa = PBXFileSystemSynchronizedRootGroup;
			exceptions = (
				25132B842E08721600863247 /* Exceptions for "Zunlo" folder in "Zunlo" target */,
			);
			path = Zunlo;
			sourceTree = "<group>";
		};
		25FA1A122E0854F900E740A3 /* ZunloTests */ = {
			isa = PBXFileSystemSynchronizedRootGroup;
			path = ZunloTests;
			sourceTree = "<group>";
		};
		25FA1A1C2E0854F900E740A3 /* ZunloUITests */ = {
			isa = PBXFileSystemSynchronizedRootGroup;
			path = ZunloUITests;
			sourceTree = "<group>";
		};
/* End PBXFileSystemSynchronizedRootGroup section */

/* Begin PBXFrameworksBuildPhase section */
		25FA19FA2E0854F800E740A3 /* Frameworks */ = {
			isa = PBXFrameworksBuildPhase;
			buildActionMask = 2147483647;
			files = (
				25FAA9712E0B6E56000AACA2 /* SupabaseSDK in Frameworks */,
			);
			runOnlyForDeploymentPostprocessing = 0;
		};
		25FA1A0C2E0854F900E740A3 /* Frameworks */ = {
			isa = PBXFrameworksBuildPhase;
			buildActionMask = 2147483647;
			files = (
			);
			runOnlyForDeploymentPostprocessing = 0;
		};
		25FA1A162E0854F900E740A3 /* Frameworks */ = {
			isa = PBXFrameworksBuildPhase;
			buildActionMask = 2147483647;
			files = (
			);
			runOnlyForDeploymentPostprocessing = 0;
		};
/* End PBXFrameworksBuildPhase section */

/* Begin PBXGroup section */
		25FA19F42E0854F800E740A3 = {
			isa = PBXGroup;
			children = (
				25FAA96E2E0B6D55000AACA2 /* SupabaseSDK */,
				25FA19FF2E0854F800E740A3 /* Zunlo */,
				25FA1A122E0854F900E740A3 /* ZunloTests */,
				25FA1A1C2E0854F900E740A3 /* ZunloUITests */,
				25FAA96F2E0B6E56000AACA2 /* Frameworks */,
				25FA19FE2E0854F800E740A3 /* Products */,
			);
			sourceTree = "<group>";
		};
		25FA19FE2E0854F800E740A3 /* Products */ = {
			isa = PBXGroup;
			children = (
				25FA19FD2E0854F800E740A3 /* Zunlo.app */,
				25FA1A0F2E0854F900E740A3 /* ZunloTests.xctest */,
				25FA1A192E0854F900E740A3 /* ZunloUITests.xctest */,
			);
			name = Products;
			sourceTree = "<group>";
		};
		25FAA96F2E0B6E56000AACA2 /* Frameworks */ = {
			isa = PBXGroup;
			children = (
			);
			name = Frameworks;
			sourceTree = "<group>";
		};
/* End PBXGroup section */

/* Begin PBXNativeTarget section */
		25FA19FC2E0854F800E740A3 /* Zunlo */ = {
			isa = PBXNativeTarget;
			buildConfigurationList = 25FA1A232E0854F900E740A3 /* Build configuration list for PBXNativeTarget "Zunlo" */;
			buildPhases = (
				25FA19F92E0854F800E740A3 /* Sources */,
				25FA19FA2E0854F800E740A3 /* Frameworks */,
				25FA19FB2E0854F800E740A3 /* Resources */,
			);
			buildRules = (
			);
			dependencies = (
			);
			fileSystemSynchronizedGroups = (
				25FA19FF2E0854F800E740A3 /* Zunlo */,
			);
			name = Zunlo;
			packageProductDependencies = (
				25FAA9702E0B6E56000AACA2 /* SupabaseSDK */,
			);
			productName = Zunlo;
			productReference = 25FA19FD2E0854F800E740A3 /* Zunlo.app */;
			productType = "com.apple.product-type.application";
		};
		25FA1A0E2E0854F900E740A3 /* ZunloTests */ = {
			isa = PBXNativeTarget;
			buildConfigurationList = 25FA1A262E0854F900E740A3 /* Build configuration list for PBXNativeTarget "ZunloTests" */;
			buildPhases = (
				25FA1A0B2E0854F900E740A3 /* Sources */,
				25FA1A0C2E0854F900E740A3 /* Frameworks */,
				25FA1A0D2E0854F900E740A3 /* Resources */,
			);
			buildRules = (
			);
			dependencies = (
				25FA1A112E0854F900E740A3 /* PBXTargetDependency */,
			);
			fileSystemSynchronizedGroups = (
				25FA1A122E0854F900E740A3 /* ZunloTests */,
			);
			name = ZunloTests;
			packageProductDependencies = (
			);
			productName = ZunloTests;
			productReference = 25FA1A0F2E0854F900E740A3 /* ZunloTests.xctest */;
			productType = "com.apple.product-type.bundle.unit-test";
		};
		25FA1A182E0854F900E740A3 /* ZunloUITests */ = {
			isa = PBXNativeTarget;
			buildConfigurationList = 25FA1A292E0854F900E740A3 /* Build configuration list for PBXNativeTarget "ZunloUITests" */;
			buildPhases = (
				25FA1A152E0854F900E740A3 /* Sources */,
				25FA1A162E0854F900E740A3 /* Frameworks */,
				25FA1A172E0854F900E740A3 /* Resources */,
			);
			buildRules = (
			);
			dependencies = (
				25FA1A1B2E0854F900E740A3 /* PBXTargetDependency */,
			);
			fileSystemSynchronizedGroups = (
				25FA1A1C2E0854F900E740A3 /* ZunloUITests */,
			);
			name = ZunloUITests;
			packageProductDependencies = (
			);
			productName = ZunloUITests;
			productReference = 25FA1A192E0854F900E740A3 /* ZunloUITests.xctest */;
			productType = "com.apple.product-type.bundle.ui-testing";
		};
/* End PBXNativeTarget section */

/* Begin PBXProject section */
		25FA19F52E0854F800E740A3 /* Project object */ = {
			isa = PBXProject;
			attributes = {
				BuildIndependentTargetsInParallel = 1;
				LastSwiftUpdateCheck = 1620;
				LastUpgradeCheck = 1620;
				TargetAttributes = {
					25FA19FC2E0854F800E740A3 = {
						CreatedOnToolsVersion = 16.2;
					};
					25FA1A0E2E0854F900E740A3 = {
						CreatedOnToolsVersion = 16.2;
						TestTargetID = 25FA19FC2E0854F800E740A3;
					};
					25FA1A182E0854F900E740A3 = {
						CreatedOnToolsVersion = 16.2;
						TestTargetID = 25FA19FC2E0854F800E740A3;
					};
				};
			};
			buildConfigurationList = 25FA19F82E0854F800E740A3 /* Build configuration list for PBXProject "Zunlo" */;
			developmentRegion = en;
			hasScannedForEncodings = 0;
			knownRegions = (
				en,
				Base,
			);
			mainGroup = 25FA19F42E0854F800E740A3;
			minimizedProjectReferenceProxies = 1;
			preferredProjectObjectVersion = 77;
			productRefGroup = 25FA19FE2E0854F800E740A3 /* Products */;
			projectDirPath = "";
			projectRoot = "";
			targets = (
				25FA19FC2E0854F800E740A3 /* Zunlo */,
				25FA1A0E2E0854F900E740A3 /* ZunloTests */,
				25FA1A182E0854F900E740A3 /* ZunloUITests */,
			);
		};
/* End PBXProject section */

/* Begin PBXResourcesBuildPhase section */
		25FA19FB2E0854F800E740A3 /* Resources */ = {
			isa = PBXResourcesBuildPhase;
			buildActionMask = 2147483647;
			files = (
			);
			runOnlyForDeploymentPostprocessing = 0;
		};
		25FA1A0D2E0854F900E740A3 /* Resources */ = {
			isa = PBXResourcesBuildPhase;
			buildActionMask = 2147483647;
			files = (
			);
			runOnlyForDeploymentPostprocessing = 0;
		};
		25FA1A172E0854F900E740A3 /* Resources */ = {
			isa = PBXResourcesBuildPhase;
			buildActionMask = 2147483647;
			files = (
			);
			runOnlyForDeploymentPostprocessing = 0;
		};
/* End PBXResourcesBuildPhase section */

/* Begin PBXSourcesBuildPhase section */
		25FA19F92E0854F800E740A3 /* Sources */ = {
			isa = PBXSourcesBuildPhase;
			buildActionMask = 2147483647;
			files = (
			);
			runOnlyForDeploymentPostprocessing = 0;
		};
		25FA1A0B2E0854F900E740A3 /* Sources */ = {
			isa = PBXSourcesBuildPhase;
			buildActionMask = 2147483647;
			files = (
			);
			runOnlyForDeploymentPostprocessing = 0;
		};
		25FA1A152E0854F900E740A3 /* Sources */ = {
			isa = PBXSourcesBuildPhase;
			buildActionMask = 2147483647;
			files = (
			);
			runOnlyForDeploymentPostprocessing = 0;
		};
/* End PBXSourcesBuildPhase section */

/* Begin PBXTargetDependency section */
		25FA1A112E0854F900E740A3 /* PBXTargetDependency */ = {
			isa = PBXTargetDependency;
			target = 25FA19FC2E0854F800E740A3 /* Zunlo */;
			targetProxy = 25FA1A102E0854F900E740A3 /* PBXContainerItemProxy */;
		};
		25FA1A1B2E0854F900E740A3 /* PBXTargetDependency */ = {
			isa = PBXTargetDependency;
			target = 25FA19FC2E0854F800E740A3 /* Zunlo */;
			targetProxy = 25FA1A1A2E0854F900E740A3 /* PBXContainerItemProxy */;
		};
/* End PBXTargetDependency section */

/* Begin XCBuildConfiguration section */
		253058892E08680200054516 /* Staging */ = {
			isa = XCBuildConfiguration;
			baseConfigurationReferenceAnchor = 25FA19FF2E0854F800E740A3 /* Zunlo */;
			baseConfigurationReferenceRelativePath = Resources/Config/staging.xcconfig;
			buildSettings = {
				ALWAYS_SEARCH_USER_PATHS = NO;
				ASSETCATALOG_COMPILER_GENERATE_SWIFT_ASSET_SYMBOL_EXTENSIONS = YES;
				CLANG_ANALYZER_NONNULL = YES;
				CLANG_ANALYZER_NUMBER_OBJECT_CONVERSION = YES_AGGRESSIVE;
				CLANG_CXX_LANGUAGE_STANDARD = "gnu++20";
				CLANG_ENABLE_MODULES = YES;
				CLANG_ENABLE_OBJC_ARC = YES;
				CLANG_ENABLE_OBJC_WEAK = YES;
				CLANG_WARN_BLOCK_CAPTURE_AUTORELEASING = YES;
				CLANG_WARN_BOOL_CONVERSION = YES;
				CLANG_WARN_COMMA = YES;
				CLANG_WARN_CONSTANT_CONVERSION = YES;
				CLANG_WARN_DEPRECATED_OBJC_IMPLEMENTATIONS = YES;
				CLANG_WARN_DIRECT_OBJC_ISA_USAGE = YES_ERROR;
				CLANG_WARN_DOCUMENTATION_COMMENTS = YES;
				CLANG_WARN_EMPTY_BODY = YES;
				CLANG_WARN_ENUM_CONVERSION = YES;
				CLANG_WARN_INFINITE_RECURSION = YES;
				CLANG_WARN_INT_CONVERSION = YES;
				CLANG_WARN_NON_LITERAL_NULL_CONVERSION = YES;
				CLANG_WARN_OBJC_IMPLICIT_RETAIN_SELF = YES;
				CLANG_WARN_OBJC_LITERAL_CONVERSION = YES;
				CLANG_WARN_OBJC_ROOT_CLASS = YES_ERROR;
				CLANG_WARN_QUOTED_INCLUDE_IN_FRAMEWORK_HEADER = YES;
				CLANG_WARN_RANGE_LOOP_ANALYSIS = YES;
				CLANG_WARN_STRICT_PROTOTYPES = YES;
				CLANG_WARN_SUSPICIOUS_MOVE = YES;
				CLANG_WARN_UNGUARDED_AVAILABILITY = YES_AGGRESSIVE;
				CLANG_WARN_UNREACHABLE_CODE = YES;
				CLANG_WARN__DUPLICATE_METHOD_MATCH = YES;
				COPY_PHASE_STRIP = NO;
				DEBUG_INFORMATION_FORMAT = "dwarf-with-dsym";
				ENABLE_NS_ASSERTIONS = NO;
				ENABLE_STRICT_OBJC_MSGSEND = YES;
				ENABLE_USER_SCRIPT_SANDBOXING = YES;
				GCC_C_LANGUAGE_STANDARD = gnu17;
				GCC_NO_COMMON_BLOCKS = YES;
				GCC_WARN_64_TO_32_BIT_CONVERSION = YES;
				GCC_WARN_ABOUT_RETURN_TYPE = YES_ERROR;
				GCC_WARN_UNDECLARED_SELECTOR = YES;
				GCC_WARN_UNINITIALIZED_AUTOS = YES_AGGRESSIVE;
				GCC_WARN_UNUSED_FUNCTION = YES;
				GCC_WARN_UNUSED_VARIABLE = YES;
				IPHONEOS_DEPLOYMENT_TARGET = 18.2;
				LOCALIZATION_PREFERS_STRING_CATALOGS = YES;
				MTL_ENABLE_DEBUG_INFO = NO;
				MTL_FAST_MATH = YES;
				SDKROOT = iphoneos;
				SWIFT_COMPILATION_MODE = wholemodule;
				VALIDATE_PRODUCT = YES;
			};
			name = Staging;
		};
		2530588A2E08680200054516 /* Staging */ = {
			isa = XCBuildConfiguration;
			buildSettings = {
				ASSETCATALOG_COMPILER_APPICON_NAME = AppIcon;
				ASSETCATALOG_COMPILER_GLOBAL_ACCENT_COLOR_NAME = AccentColor;
				CODE_SIGN_STYLE = Automatic;
				CURRENT_PROJECT_VERSION = 1;
				DEVELOPMENT_ASSET_PATHS = "\"Zunlo/Preview Content\"";
				DEVELOPMENT_TEAM = BXSF672P64;
				ENABLE_PREVIEWS = YES;
				GENERATE_INFOPLIST_FILE = YES;
				INFOPLIST_FILE = Zunlo/Info.plist;
				INFOPLIST_KEY_UIApplicationSceneManifest_Generation = YES;
				INFOPLIST_KEY_UIApplicationSupportsIndirectInputEvents = YES;
				INFOPLIST_KEY_UILaunchScreen_Generation = YES;
				INFOPLIST_KEY_UISupportedInterfaceOrientations_iPad = "UIInterfaceOrientationPortrait UIInterfaceOrientationPortraitUpsideDown UIInterfaceOrientationLandscapeLeft UIInterfaceOrientationLandscapeRight";
				INFOPLIST_KEY_UISupportedInterfaceOrientations_iPhone = "UIInterfaceOrientationPortrait UIInterfaceOrientationLandscapeLeft UIInterfaceOrientationLandscapeRight";
				IPHONEOS_DEPLOYMENT_TARGET = 17.6;
				LD_RUNPATH_SEARCH_PATHS = (
					"$(inherited)",
					"@executable_path/Frameworks",
				);
				MARKETING_VERSION = 1.0;
				PRODUCT_BUNDLE_IDENTIFIER = com.loginode.Zunlo;
				PRODUCT_NAME = "$(TARGET_NAME)";
				SWIFT_EMIT_LOC_STRINGS = YES;
				SWIFT_VERSION = 5.0;
				TARGETED_DEVICE_FAMILY = "1,2";
			};
			name = Staging;
		};
		2530588B2E08680200054516 /* Staging */ = {
			isa = XCBuildConfiguration;
			buildSettings = {
				BUNDLE_LOADER = "$(TEST_HOST)";
				CODE_SIGN_STYLE = Automatic;
				CURRENT_PROJECT_VERSION = 1;
				DEVELOPMENT_TEAM = BXSF672P64;
				GENERATE_INFOPLIST_FILE = YES;
				IPHONEOS_DEPLOYMENT_TARGET = 17.6;
				MARKETING_VERSION = 1.0;
				PRODUCT_BUNDLE_IDENTIFIER = com.loginode.ZunloTests;
				PRODUCT_NAME = "$(TARGET_NAME)";
				SWIFT_EMIT_LOC_STRINGS = NO;
				SWIFT_VERSION = 5.0;
				TARGETED_DEVICE_FAMILY = "1,2";
				TEST_HOST = "$(BUILT_PRODUCTS_DIR)/Zunlo.app/$(BUNDLE_EXECUTABLE_FOLDER_PATH)/Zunlo";
			};
			name = Staging;
		};
		2530588C2E08680200054516 /* Staging */ = {
			isa = XCBuildConfiguration;
			buildSettings = {
				CODE_SIGN_STYLE = Automatic;
				CURRENT_PROJECT_VERSION = 1;
				DEVELOPMENT_TEAM = BXSF672P64;
				GENERATE_INFOPLIST_FILE = YES;
				IPHONEOS_DEPLOYMENT_TARGET = 17.6;
				MARKETING_VERSION = 1.0;
				PRODUCT_BUNDLE_IDENTIFIER = com.loginode.ZunloUITests;
				PRODUCT_NAME = "$(TARGET_NAME)";
				SWIFT_EMIT_LOC_STRINGS = NO;
				SWIFT_VERSION = 5.0;
				TARGETED_DEVICE_FAMILY = "1,2";
				TEST_TARGET_NAME = Zunlo;
			};
			name = Staging;
		};
		25FA1A212E0854F900E740A3 /* Debug */ = {
			isa = XCBuildConfiguration;
			baseConfigurationReferenceAnchor = 25FA19FF2E0854F800E740A3 /* Zunlo */;
			baseConfigurationReferenceRelativePath = Resources/Config/dev.xcconfig;
			buildSettings = {
				ALWAYS_SEARCH_USER_PATHS = NO;
				ASSETCATALOG_COMPILER_GENERATE_SWIFT_ASSET_SYMBOL_EXTENSIONS = YES;
				CLANG_ANALYZER_NONNULL = YES;
				CLANG_ANALYZER_NUMBER_OBJECT_CONVERSION = YES_AGGRESSIVE;
				CLANG_CXX_LANGUAGE_STANDARD = "gnu++20";
				CLANG_ENABLE_MODULES = YES;
				CLANG_ENABLE_OBJC_ARC = YES;
				CLANG_ENABLE_OBJC_WEAK = YES;
				CLANG_WARN_BLOCK_CAPTURE_AUTORELEASING = YES;
				CLANG_WARN_BOOL_CONVERSION = YES;
				CLANG_WARN_COMMA = YES;
				CLANG_WARN_CONSTANT_CONVERSION = YES;
				CLANG_WARN_DEPRECATED_OBJC_IMPLEMENTATIONS = YES;
				CLANG_WARN_DIRECT_OBJC_ISA_USAGE = YES_ERROR;
				CLANG_WARN_DOCUMENTATION_COMMENTS = YES;
				CLANG_WARN_EMPTY_BODY = YES;
				CLANG_WARN_ENUM_CONVERSION = YES;
				CLANG_WARN_INFINITE_RECURSION = YES;
				CLANG_WARN_INT_CONVERSION = YES;
				CLANG_WARN_NON_LITERAL_NULL_CONVERSION = YES;
				CLANG_WARN_OBJC_IMPLICIT_RETAIN_SELF = YES;
				CLANG_WARN_OBJC_LITERAL_CONVERSION = YES;
				CLANG_WARN_OBJC_ROOT_CLASS = YES_ERROR;
				CLANG_WARN_QUOTED_INCLUDE_IN_FRAMEWORK_HEADER = YES;
				CLANG_WARN_RANGE_LOOP_ANALYSIS = YES;
				CLANG_WARN_STRICT_PROTOTYPES = YES;
				CLANG_WARN_SUSPICIOUS_MOVE = YES;
				CLANG_WARN_UNGUARDED_AVAILABILITY = YES_AGGRESSIVE;
				CLANG_WARN_UNREACHABLE_CODE = YES;
				CLANG_WARN__DUPLICATE_METHOD_MATCH = YES;
				COPY_PHASE_STRIP = NO;
				DEBUG_INFORMATION_FORMAT = dwarf;
				ENABLE_STRICT_OBJC_MSGSEND = YES;
				ENABLE_TESTABILITY = YES;
				ENABLE_USER_SCRIPT_SANDBOXING = YES;
				GCC_C_LANGUAGE_STANDARD = gnu17;
				GCC_DYNAMIC_NO_PIC = NO;
				GCC_NO_COMMON_BLOCKS = YES;
				GCC_OPTIMIZATION_LEVEL = 0;
				GCC_PREPROCESSOR_DEFINITIONS = (
					"DEBUG=1",
					"$(inherited)",
				);
				GCC_WARN_64_TO_32_BIT_CONVERSION = YES;
				GCC_WARN_ABOUT_RETURN_TYPE = YES_ERROR;
				GCC_WARN_UNDECLARED_SELECTOR = YES;
				GCC_WARN_UNINITIALIZED_AUTOS = YES_AGGRESSIVE;
				GCC_WARN_UNUSED_FUNCTION = YES;
				GCC_WARN_UNUSED_VARIABLE = YES;
				IPHONEOS_DEPLOYMENT_TARGET = 18.2;
				LOCALIZATION_PREFERS_STRING_CATALOGS = YES;
				MTL_ENABLE_DEBUG_INFO = INCLUDE_SOURCE;
				MTL_FAST_MATH = YES;
				ONLY_ACTIVE_ARCH = YES;
				SDKROOT = iphoneos;
				SWIFT_ACTIVE_COMPILATION_CONDITIONS = "DEBUG $(inherited)";
				SWIFT_OPTIMIZATION_LEVEL = "-Onone";
			};
			name = Debug;
		};
		25FA1A222E0854F900E740A3 /* Release */ = {
			isa = XCBuildConfiguration;
			baseConfigurationReferenceAnchor = 25FA19FF2E0854F800E740A3 /* Zunlo */;
			baseConfigurationReferenceRelativePath = Resources/Config/prod.xcconfig;
			buildSettings = {
				ALWAYS_SEARCH_USER_PATHS = NO;
				ASSETCATALOG_COMPILER_GENERATE_SWIFT_ASSET_SYMBOL_EXTENSIONS = YES;
				CLANG_ANALYZER_NONNULL = YES;
				CLANG_ANALYZER_NUMBER_OBJECT_CONVERSION = YES_AGGRESSIVE;
				CLANG_CXX_LANGUAGE_STANDARD = "gnu++20";
				CLANG_ENABLE_MODULES = YES;
				CLANG_ENABLE_OBJC_ARC = YES;
				CLANG_ENABLE_OBJC_WEAK = YES;
				CLANG_WARN_BLOCK_CAPTURE_AUTORELEASING = YES;
				CLANG_WARN_BOOL_CONVERSION = YES;
				CLANG_WARN_COMMA = YES;
				CLANG_WARN_CONSTANT_CONVERSION = YES;
				CLANG_WARN_DEPRECATED_OBJC_IMPLEMENTATIONS = YES;
				CLANG_WARN_DIRECT_OBJC_ISA_USAGE = YES_ERROR;
				CLANG_WARN_DOCUMENTATION_COMMENTS = YES;
				CLANG_WARN_EMPTY_BODY = YES;
				CLANG_WARN_ENUM_CONVERSION = YES;
				CLANG_WARN_INFINITE_RECURSION = YES;
				CLANG_WARN_INT_CONVERSION = YES;
				CLANG_WARN_NON_LITERAL_NULL_CONVERSION = YES;
				CLANG_WARN_OBJC_IMPLICIT_RETAIN_SELF = YES;
				CLANG_WARN_OBJC_LITERAL_CONVERSION = YES;
				CLANG_WARN_OBJC_ROOT_CLASS = YES_ERROR;
				CLANG_WARN_QUOTED_INCLUDE_IN_FRAMEWORK_HEADER = YES;
				CLANG_WARN_RANGE_LOOP_ANALYSIS = YES;
				CLANG_WARN_STRICT_PROTOTYPES = YES;
				CLANG_WARN_SUSPICIOUS_MOVE = YES;
				CLANG_WARN_UNGUARDED_AVAILABILITY = YES_AGGRESSIVE;
				CLANG_WARN_UNREACHABLE_CODE = YES;
				CLANG_WARN__DUPLICATE_METHOD_MATCH = YES;
				COPY_PHASE_STRIP = NO;
				DEBUG_INFORMATION_FORMAT = "dwarf-with-dsym";
				ENABLE_NS_ASSERTIONS = NO;
				ENABLE_STRICT_OBJC_MSGSEND = YES;
				ENABLE_USER_SCRIPT_SANDBOXING = YES;
				GCC_C_LANGUAGE_STANDARD = gnu17;
				GCC_NO_COMMON_BLOCKS = YES;
				GCC_WARN_64_TO_32_BIT_CONVERSION = YES;
				GCC_WARN_ABOUT_RETURN_TYPE = YES_ERROR;
				GCC_WARN_UNDECLARED_SELECTOR = YES;
				GCC_WARN_UNINITIALIZED_AUTOS = YES_AGGRESSIVE;
				GCC_WARN_UNUSED_FUNCTION = YES;
				GCC_WARN_UNUSED_VARIABLE = YES;
				IPHONEOS_DEPLOYMENT_TARGET = 18.2;
				LOCALIZATION_PREFERS_STRING_CATALOGS = YES;
				MTL_ENABLE_DEBUG_INFO = NO;
				MTL_FAST_MATH = YES;
				SDKROOT = iphoneos;
				SWIFT_COMPILATION_MODE = wholemodule;
				VALIDATE_PRODUCT = YES;
			};
			name = Release;
		};
		25FA1A242E0854F900E740A3 /* Debug */ = {
			isa = XCBuildConfiguration;
			buildSettings = {
				ASSETCATALOG_COMPILER_APPICON_NAME = AppIcon;
				ASSETCATALOG_COMPILER_GLOBAL_ACCENT_COLOR_NAME = AccentColor;
				CODE_SIGN_STYLE = Automatic;
				CURRENT_PROJECT_VERSION = 1;
				DEVELOPMENT_ASSET_PATHS = "\"Zunlo/Preview Content\"";
				DEVELOPMENT_TEAM = BXSF672P64;
				ENABLE_PREVIEWS = YES;
				GENERATE_INFOPLIST_FILE = YES;
				INFOPLIST_FILE = Zunlo/Info.plist;
				INFOPLIST_KEY_UIApplicationSceneManifest_Generation = YES;
				INFOPLIST_KEY_UIApplicationSupportsIndirectInputEvents = YES;
				INFOPLIST_KEY_UILaunchScreen_Generation = YES;
				INFOPLIST_KEY_UISupportedInterfaceOrientations_iPad = "UIInterfaceOrientationPortrait UIInterfaceOrientationPortraitUpsideDown UIInterfaceOrientationLandscapeLeft UIInterfaceOrientationLandscapeRight";
				INFOPLIST_KEY_UISupportedInterfaceOrientations_iPhone = "UIInterfaceOrientationPortrait UIInterfaceOrientationLandscapeLeft UIInterfaceOrientationLandscapeRight";
				IPHONEOS_DEPLOYMENT_TARGET = 17.6;
				LD_RUNPATH_SEARCH_PATHS = (
					"$(inherited)",
					"@executable_path/Frameworks",
				);
				MARKETING_VERSION = 1.0;
				PRODUCT_BUNDLE_IDENTIFIER = com.loginode.Zunlo;
				PRODUCT_NAME = "$(TARGET_NAME)";
				SWIFT_EMIT_LOC_STRINGS = YES;
				SWIFT_VERSION = 5.0;
				TARGETED_DEVICE_FAMILY = "1,2";
			};
			name = Debug;
		};
		25FA1A252E0854F900E740A3 /* Release */ = {
			isa = XCBuildConfiguration;
			buildSettings = {
				ASSETCATALOG_COMPILER_APPICON_NAME = AppIcon;
				ASSETCATALOG_COMPILER_GLOBAL_ACCENT_COLOR_NAME = AccentColor;
				CODE_SIGN_STYLE = Automatic;
				CURRENT_PROJECT_VERSION = 1;
				DEVELOPMENT_ASSET_PATHS = "\"Zunlo/Preview Content\"";
				DEVELOPMENT_TEAM = BXSF672P64;
				ENABLE_PREVIEWS = YES;
				GENERATE_INFOPLIST_FILE = YES;
				INFOPLIST_FILE = Zunlo/Info.plist;
				INFOPLIST_KEY_UIApplicationSceneManifest_Generation = YES;
				INFOPLIST_KEY_UIApplicationSupportsIndirectInputEvents = YES;
				INFOPLIST_KEY_UILaunchScreen_Generation = YES;
				INFOPLIST_KEY_UISupportedInterfaceOrientations_iPad = "UIInterfaceOrientationPortrait UIInterfaceOrientationPortraitUpsideDown UIInterfaceOrientationLandscapeLeft UIInterfaceOrientationLandscapeRight";
				INFOPLIST_KEY_UISupportedInterfaceOrientations_iPhone = "UIInterfaceOrientationPortrait UIInterfaceOrientationLandscapeLeft UIInterfaceOrientationLandscapeRight";
				IPHONEOS_DEPLOYMENT_TARGET = 17.6;
				LD_RUNPATH_SEARCH_PATHS = (
					"$(inherited)",
					"@executable_path/Frameworks",
				);
				MARKETING_VERSION = 1.0;
				PRODUCT_BUNDLE_IDENTIFIER = com.loginode.Zunlo;
				PRODUCT_NAME = "$(TARGET_NAME)";
				SWIFT_EMIT_LOC_STRINGS = YES;
				SWIFT_VERSION = 5.0;
				TARGETED_DEVICE_FAMILY = "1,2";
			};
			name = Release;
		};
		25FA1A272E0854F900E740A3 /* Debug */ = {
			isa = XCBuildConfiguration;
			buildSettings = {
				BUNDLE_LOADER = "$(TEST_HOST)";
				CODE_SIGN_STYLE = Automatic;
				CURRENT_PROJECT_VERSION = 1;
				DEVELOPMENT_TEAM = BXSF672P64;
				GENERATE_INFOPLIST_FILE = YES;
				IPHONEOS_DEPLOYMENT_TARGET = 17.6;
				MARKETING_VERSION = 1.0;
				PRODUCT_BUNDLE_IDENTIFIER = com.loginode.ZunloTests;
				PRODUCT_NAME = "$(TARGET_NAME)";
				SWIFT_EMIT_LOC_STRINGS = NO;
				SWIFT_VERSION = 5.0;
				TARGETED_DEVICE_FAMILY = "1,2";
				TEST_HOST = "$(BUILT_PRODUCTS_DIR)/Zunlo.app/$(BUNDLE_EXECUTABLE_FOLDER_PATH)/Zunlo";
			};
			name = Debug;
		};
		25FA1A282E0854F900E740A3 /* Release */ = {
			isa = XCBuildConfiguration;
			buildSettings = {
				BUNDLE_LOADER = "$(TEST_HOST)";
				CODE_SIGN_STYLE = Automatic;
				CURRENT_PROJECT_VERSION = 1;
				DEVELOPMENT_TEAM = BXSF672P64;
				GENERATE_INFOPLIST_FILE = YES;
				IPHONEOS_DEPLOYMENT_TARGET = 17.6;
				MARKETING_VERSION = 1.0;
				PRODUCT_BUNDLE_IDENTIFIER = com.loginode.ZunloTests;
				PRODUCT_NAME = "$(TARGET_NAME)";
				SWIFT_EMIT_LOC_STRINGS = NO;
				SWIFT_VERSION = 5.0;
				TARGETED_DEVICE_FAMILY = "1,2";
				TEST_HOST = "$(BUILT_PRODUCTS_DIR)/Zunlo.app/$(BUNDLE_EXECUTABLE_FOLDER_PATH)/Zunlo";
			};
			name = Release;
		};
		25FA1A2A2E0854F900E740A3 /* Debug */ = {
			isa = XCBuildConfiguration;
			buildSettings = {
				CODE_SIGN_STYLE = Automatic;
				CURRENT_PROJECT_VERSION = 1;
				DEVELOPMENT_TEAM = BXSF672P64;
				GENERATE_INFOPLIST_FILE = YES;
				IPHONEOS_DEPLOYMENT_TARGET = 17.6;
				MARKETING_VERSION = 1.0;
				PRODUCT_BUNDLE_IDENTIFIER = com.loginode.ZunloUITests;
				PRODUCT_NAME = "$(TARGET_NAME)";
				SWIFT_EMIT_LOC_STRINGS = NO;
				SWIFT_VERSION = 5.0;
				TARGETED_DEVICE_FAMILY = "1,2";
				TEST_TARGET_NAME = Zunlo;
			};
			name = Debug;
		};
		25FA1A2B2E0854F900E740A3 /* Release */ = {
			isa = XCBuildConfiguration;
			buildSettings = {
				CODE_SIGN_STYLE = Automatic;
				CURRENT_PROJECT_VERSION = 1;
				DEVELOPMENT_TEAM = BXSF672P64;
				GENERATE_INFOPLIST_FILE = YES;
				IPHONEOS_DEPLOYMENT_TARGET = 17.6;
				MARKETING_VERSION = 1.0;
				PRODUCT_BUNDLE_IDENTIFIER = com.loginode.ZunloUITests;
				PRODUCT_NAME = "$(TARGET_NAME)";
				SWIFT_EMIT_LOC_STRINGS = NO;
				SWIFT_VERSION = 5.0;
				TARGETED_DEVICE_FAMILY = "1,2";
				TEST_TARGET_NAME = Zunlo;
			};
			name = Release;
		};
/* End XCBuildConfiguration section */

/* Begin XCConfigurationList section */
		25FA19F82E0854F800E740A3 /* Build configuration list for PBXProject "Zunlo" */ = {
			isa = XCConfigurationList;
			buildConfigurations = (
				25FA1A212E0854F900E740A3 /* Debug */,
				25FA1A222E0854F900E740A3 /* Release */,
				253058892E08680200054516 /* Staging */,
			);
			defaultConfigurationIsVisible = 0;
			defaultConfigurationName = Release;
		};
		25FA1A232E0854F900E740A3 /* Build configuration list for PBXNativeTarget "Zunlo" */ = {
			isa = XCConfigurationList;
			buildConfigurations = (
				25FA1A242E0854F900E740A3 /* Debug */,
				25FA1A252E0854F900E740A3 /* Release */,
				2530588A2E08680200054516 /* Staging */,
			);
			defaultConfigurationIsVisible = 0;
			defaultConfigurationName = Release;
		};
		25FA1A262E0854F900E740A3 /* Build configuration list for PBXNativeTarget "ZunloTests" */ = {
			isa = XCConfigurationList;
			buildConfigurations = (
				25FA1A272E0854F900E740A3 /* Debug */,
				25FA1A282E0854F900E740A3 /* Release */,
				2530588B2E08680200054516 /* Staging */,
			);
			defaultConfigurationIsVisible = 0;
			defaultConfigurationName = Release;
		};
		25FA1A292E0854F900E740A3 /* Build configuration list for PBXNativeTarget "ZunloUITests" */ = {
			isa = XCConfigurationList;
			buildConfigurations = (
				25FA1A2A2E0854F900E740A3 /* Debug */,
				25FA1A2B2E0854F900E740A3 /* Release */,
				2530588C2E08680200054516 /* Staging */,
			);
			defaultConfigurationIsVisible = 0;
			defaultConfigurationName = Release;
		};
/* End XCConfigurationList section */

/* Begin XCSwiftPackageProductDependency section */
		25FAA9702E0B6E56000AACA2 /* SupabaseSDK */ = {
			isa = XCSwiftPackageProductDependency;
			productName = SupabaseSDK;
		};
/* End XCSwiftPackageProductDependency section */
	};
	rootObject = 25FA19F52E0854F800E740A3 /* Project object */;
}
