{
  "originHash" : "04e817eaca603f0602eaecc5be0b334af0a2294e8d21545cc686a8744db9ebce",
  "pins" : [
    {
      "identity" : "minisignaleye",
      "kind" : "remoteSourceControl",
      "location" : "https://github.com/marcio-garcia/MiniSignalEye",
      "state" : {
        "revision" : "127af7455367169578a46b5625a63b6a949a6347",
        "version" : "1.0.0"
      }
    },
    {
      "identity" : "realm-core",
      "kind" : "remoteSourceControl",
      "location" : "https://github.com/realm/realm-core.git",
      "state" : {
        "revision" : "15493076ad9fef22c16cc64cbfbf9e5b65c385f9",
        "version" : "20.1.0"
      }
    },
    {
      "identity" : "realm-swift",
      "kind" : "remoteSourceControl",
      "location" : "https://github.com/realm/realm-swift",
      "state" : {
        "revision" : "6260534683132eb981338c7c39fd5e69205876e6",
        "version" : "20.0.3"
      }
    }
  ],
  "version" : 3
}
